
Microsoft Visual Studio Solution File, Format Version 12.00
# Visual Studio Version 16
VisualStudioVersion = 16.0.29926.136
MinimumVisualStudioVersion = 10.0.40219.1
Project("{FAE04EC0-301F-11D3-BF4B-00C04F79EFBC}") = "Guia_9", "Guia_9.csproj", "{65D407AD-2E6E-46CA-A262-8DA6E979435C}"
EndProject
Global
	GlobalSection(SolutionConfigurationPlatforms) = preSolution
		Debug|Any CPU = Debug|Any CPU
		Release|Any CPU = Release|Any CPU
	EndGlobalSection
	GlobalSection(ProjectConfigurationPlatforms) = postSolution
		{65D407AD-2E6E-46CA-A262-8DA6E979435C}.Debug|Any CPU.ActiveCfg = Debug|Any CPU
		{65D407AD-2E6E-46CA-A262-8DA6E979435C}.Debug|Any CPU.Build.0 = Debug|Any CPU
		{65D407AD-2E6E-46CA-A262-8DA6E979435C}.Release|Any CPU.ActiveCfg = Release|Any CPU
		{65D407AD-2E6E-46CA-A262-8DA6E979435C}.Release|Any CPU.Build.0 = Release|Any CPU
	EndGlobalSection
	GlobalSection(SolutionProperties) = preSolution
		HideSolutionNode = FALSE
	EndGlobalSection
	GlobalSection(ExtensibilityGlobals) = postSolution
		SolutionGuid = {601CADAB-400C-4381-B579-91D1CF955EE9}
	EndGlobalSection
EndGlobal
